
Microsoft Visual Studio Solution File, Format Version 12.00
# Visual Studio Version 16
VisualStudioVersion = 16.0.29519.181
MinimumVisualStudioVersion = 10.0.40219.1
Project("{9A19103F-16F7-4668-BE54-9A1E7A4F7556}") = "ShoppingCart", "ShoppingCart\ShoppingCart.csproj", "{7AC62874-8A94-46EE-B5B5-BDF37248D010}"
EndProject
Project("{2150E333-8FDC-42A3-9474-1A3956D46DE8}") = "tests", "tests", "{2362260E-BA08-4CC3-AA76-480F730674F2}"
EndProject
Project("{FAE04EC0-301F-11D3-BF4B-00C04F79EFBC}") = "ShoppingCart.Tests", "tests\ShoppingCart.Tests\ShoppingCart.Tests.csproj", "{8CDA1BCD-E909-4627-8C96-6107FF9FCEF2}"
EndProject
Global
	GlobalSection(SolutionConfigurationPlatforms) = preSolution
		Debug|Any CPU = Debug|Any CPU
		Release|Any CPU = Release|Any CPU
	EndGlobalSection
	GlobalSection(ProjectConfigurationPlatforms) = postSolution
		{7AC62874-8A94-46EE-B5B5-BDF37248D010}.Debug|Any CPU.ActiveCfg = Debug|Any CPU
		{7AC62874-8A94-46EE-B5B5-BDF37248D010}.Debug|Any CPU.Build.0 = Debug|Any CPU
		{7AC62874-8A94-46EE-B5B5-BDF37248D010}.Release|Any CPU.ActiveCfg = Release|Any CPU
		{7AC62874-8A94-46EE-B5B5-BDF37248D010}.Release|Any CPU.Build.0 = Release|Any CPU
		{8CDA1BCD-E909-4627-8C96-6107FF9FCEF2}.Debug|Any CPU.ActiveCfg = Debug|Any CPU
		{8CDA1BCD-E909-4627-8C96-6107FF9FCEF2}.Debug|Any CPU.Build.0 = Debug|Any CPU
		{8CDA1BCD-E909-4627-8C96-6107FF9FCEF2}.Release|Any CPU.ActiveCfg = Release|Any CPU
		{8CDA1BCD-E909-4627-8C96-6107FF9FCEF2}.Release|Any CPU.Build.0 = Release|Any CPU
	EndGlobalSection
	GlobalSection(SolutionProperties) = preSolution
		HideSolutionNode = FALSE
	EndGlobalSection
	GlobalSection(NestedProjects) = preSolution
		{8CDA1BCD-E909-4627-8C96-6107FF9FCEF2} = {2362260E-BA08-4CC3-AA76-480F730674F2}
	EndGlobalSection
	GlobalSection(ExtensibilityGlobals) = postSolution
		SolutionGuid = {798D19F9-5489-44FD-B204-C453DC14FEC3}
	EndGlobalSection
EndGlobal
